
Microsoft Visual Studio Solution File, Format Version 12.00
# Visual Studio Version 16
VisualStudioVersion = 16.0.30717.126
MinimumVisualStudioVersion = 10.0.40219.1
Project("{FAE04EC0-301F-11D3-BF4B-00C04F79EFBC}") = "VolumeControl", "VolumeControl\VolumeControl.csproj", "{FFF1E82E-6942-4709-99AD-C7EC7E2BA37B}"
EndProject
Global
	GlobalSection(SolutionConfigurationPlatforms) = preSolution
		Debug|Any CPU = Debug|Any CPU
		Release|Any CPU = Release|Any CPU
	EndGlobalSection
	GlobalSection(ProjectConfigurationPlatforms) = postSolution
		{FFF1E82E-6942-4709-99AD-C7EC7E2BA37B}.Debug|Any CPU.ActiveCfg = Debug|Any CPU
		{FFF1E82E-6942-4709-99AD-C7EC7E2BA37B}.Debug|Any CPU.Build.0 = Debug|Any CPU
		{FFF1E82E-6942-4709-99AD-C7EC7E2BA37B}.Release|Any CPU.ActiveCfg = Release|Any CPU
		{FFF1E82E-6942-4709-99AD-C7EC7E2BA37B}.Release|Any CPU.Build.0 = Release|Any CPU
	EndGlobalSection
	GlobalSection(SolutionProperties) = preSolution
		HideSolutionNode = FALSE
	EndGlobalSection
	GlobalSection(ExtensibilityGlobals) = postSolution
		SolutionGuid = {88886CE7-6074-44F6-B8A9-858E8889CC5B}
	EndGlobalSection
EndGlobal
